
Microsoft Visual Studio Solution File, Format Version 12.00
# Visual Studio 15
VisualStudioVersion = 15.0.26730.8
MinimumVisualStudioVersion = 10.0.40219.1
Project("{2150E333-8FDC-42A3-9474-1A3956D46DE8}") = "Executor", "Executor", "{C2A05EC1-BA48-4C92-A569-4E5EE31D8A41}"
EndProject
Project("{FAE04EC0-301F-11D3-BF4B-00C04F79EFBC}") = "GeradorPassagensPendentesParkBatch", "GeradorPassagensPendentesParkBatch\GeradorPassagensPendentesParkBatch.csproj", "{DBE93F70-CA95-4E5F-8E7D-A5221459A73F}"
EndProject
Project("{FAE04EC0-301F-11D3-BF4B-00C04F79EFBC}") = "GeradorPassagensPendentesParkBatch.CommandQuery", "GeradorPassagensPendentesParkBatch.CommandQuery\GeradorPassagensPendentesParkBatch.CommandQuery.csproj", "{9ED80EF0-BD5A-420D-99C4-99A4EAB953DC}"
EndProject
Global
	GlobalSection(SolutionConfigurationPlatforms) = preSolution
		Debug|Any CPU = Debug|Any CPU
		Release|Any CPU = Release|Any CPU
	EndGlobalSection
	GlobalSection(ProjectConfigurationPlatforms) = postSolution
		{DBE93F70-CA95-4E5F-8E7D-A5221459A73F}.Debug|Any CPU.ActiveCfg = Debug|Any CPU
		{DBE93F70-CA95-4E5F-8E7D-A5221459A73F}.Debug|Any CPU.Build.0 = Debug|Any CPU
		{DBE93F70-CA95-4E5F-8E7D-A5221459A73F}.Release|Any CPU.ActiveCfg = Release|Any CPU
		{DBE93F70-CA95-4E5F-8E7D-A5221459A73F}.Release|Any CPU.Build.0 = Release|Any CPU
		{9ED80EF0-BD5A-420D-99C4-99A4EAB953DC}.Debug|Any CPU.ActiveCfg = Debug|Any CPU
		{9ED80EF0-BD5A-420D-99C4-99A4EAB953DC}.Debug|Any CPU.Build.0 = Debug|Any CPU
		{9ED80EF0-BD5A-420D-99C4-99A4EAB953DC}.Release|Any CPU.ActiveCfg = Release|Any CPU
		{9ED80EF0-BD5A-420D-99C4-99A4EAB953DC}.Release|Any CPU.Build.0 = Release|Any CPU
	EndGlobalSection
	GlobalSection(SolutionProperties) = preSolution
		HideSolutionNode = FALSE
	EndGlobalSection
	GlobalSection(NestedProjects) = preSolution
		{DBE93F70-CA95-4E5F-8E7D-A5221459A73F} = {C2A05EC1-BA48-4C92-A569-4E5EE31D8A41}
	EndGlobalSection
	GlobalSection(ExtensibilityGlobals) = postSolution
		SolutionGuid = {67E4DDF9-B0DF-4907-97FE-7357987926E8}
	EndGlobalSection
EndGlobal
