
Microsoft Visual Studio Solution File, Format Version 12.00
# Visual Studio 15
VisualStudioVersion = 15.0.26430.16
MinimumVisualStudioVersion = 10.0.40219.1
Project("{2150E333-8FDC-42A3-9474-1A3956D46DE8}") = "Executor", "Executor", "{C8AA16ED-BA11-49E3-8853-36DFD19BE8B5}"
EndProject
Project("{FAE04EC0-301F-11D3-BF4B-00C04F79EFBC}") = "LeitorPassagensPendentesBatch", "Executor\LeitorPassagensPendentesBatch.csproj", "{FA8FBD8A-928D-47FD-B4A5-2B162B00C254}"
EndProject
Project("{FAE04EC0-301F-11D3-BF4B-00C04F79EFBC}") = "LeitorPassagensPendentesBatch.CommandQuery", "CommandQuery\LeitorPassagensPendentesBatch.CommandQuery.csproj", "{14CB98AB-002B-41E0-80DF-DD512617CDD0}"
EndProject
Global
	GlobalSection(SolutionConfigurationPlatforms) = preSolution
		Debug|Any CPU = Debug|Any CPU
		Release|Any CPU = Release|Any CPU
	EndGlobalSection
	GlobalSection(ProjectConfigurationPlatforms) = postSolution
		{FA8FBD8A-928D-47FD-B4A5-2B162B00C254}.Debug|Any CPU.ActiveCfg = Debug|Any CPU
		{FA8FBD8A-928D-47FD-B4A5-2B162B00C254}.Debug|Any CPU.Build.0 = Debug|Any CPU
		{FA8FBD8A-928D-47FD-B4A5-2B162B00C254}.Release|Any CPU.ActiveCfg = Release|Any CPU
		{FA8FBD8A-928D-47FD-B4A5-2B162B00C254}.Release|Any CPU.Build.0 = Release|Any CPU
		{14CB98AB-002B-41E0-80DF-DD512617CDD0}.Debug|Any CPU.ActiveCfg = Debug|Any CPU
		{14CB98AB-002B-41E0-80DF-DD512617CDD0}.Debug|Any CPU.Build.0 = Debug|Any CPU
		{14CB98AB-002B-41E0-80DF-DD512617CDD0}.Release|Any CPU.ActiveCfg = Release|Any CPU
		{14CB98AB-002B-41E0-80DF-DD512617CDD0}.Release|Any CPU.Build.0 = Release|Any CPU
	EndGlobalSection
	GlobalSection(SolutionProperties) = preSolution
		HideSolutionNode = FALSE
	EndGlobalSection
	GlobalSection(NestedProjects) = preSolution
		{FA8FBD8A-928D-47FD-B4A5-2B162B00C254} = {C8AA16ED-BA11-49E3-8853-36DFD19BE8B5}
	EndGlobalSection
EndGlobal
